
Microsoft Visual Studio Solution File, Format Version 12.00
# Visual Studio Version 17
VisualStudioVersion = 17.0.31903.59
MinimumVisualStudioVersion = 10.0.40219.1
Project("{FAE04EC0-301F-11D3-BF4B-00C04F79EFBC}") = "AmbiSocial.Domain", "AmbiSocial.Domain\AmbiSocial.Domain.csproj", "{C7681477-24A0-4C49-81B8-D91779418A42}"
EndProject
Project("{FAE04EC0-301F-11D3-BF4B-00C04F79EFBC}") = "AmbiSocial.Application", "AmbiSocial.Application\AmbiSocial.Application.csproj", "{A7FCDD9D-350D-4CA3-B064-FB6E4100DD83}"
EndProject
Project("{FAE04EC0-301F-11D3-BF4B-00C04F79EFBC}") = "AmbiSocial.Infrastructure", "AmbiSocial.Infrastructure\AmbiSocial.Infrastructure.csproj", "{0E691555-8EB6-4713-99F3-35CD9DF019CE}"
EndProject
Project("{FAE04EC0-301F-11D3-BF4B-00C04F79EFBC}") = "AmbiSocial.Web", "AmbiSocial.Web\AmbiSocial.Web.csproj", "{7A9C9004-7AE6-40F7-8BD0-0DA6369EA3A0}"
EndProject
Project("{FAE04EC0-301F-11D3-BF4B-00C04F79EFBC}") = "AmbiSocial.Startup", "AmbiSocial.Startup\AmbiSocial.Startup.csproj", "{D7B5CAB3-404E-45EB-A1C2-E4B3691A243F}"
EndProject
Global
	GlobalSection(SolutionConfigurationPlatforms) = preSolution
		Debug|Any CPU = Debug|Any CPU
		Release|Any CPU = Release|Any CPU
	EndGlobalSection
	GlobalSection(SolutionProperties) = preSolution
		HideSolutionNode = FALSE
	EndGlobalSection
	GlobalSection(ProjectConfigurationPlatforms) = postSolution
		{C7681477-24A0-4C49-81B8-D91779418A42}.Debug|Any CPU.ActiveCfg = Debug|Any CPU
		{C7681477-24A0-4C49-81B8-D91779418A42}.Debug|Any CPU.Build.0 = Debug|Any CPU
		{C7681477-24A0-4C49-81B8-D91779418A42}.Release|Any CPU.ActiveCfg = Release|Any CPU
		{C7681477-24A0-4C49-81B8-D91779418A42}.Release|Any CPU.Build.0 = Release|Any CPU
		{A7FCDD9D-350D-4CA3-B064-FB6E4100DD83}.Debug|Any CPU.ActiveCfg = Debug|Any CPU
		{A7FCDD9D-350D-4CA3-B064-FB6E4100DD83}.Debug|Any CPU.Build.0 = Debug|Any CPU
		{A7FCDD9D-350D-4CA3-B064-FB6E4100DD83}.Release|Any CPU.ActiveCfg = Release|Any CPU
		{A7FCDD9D-350D-4CA3-B064-FB6E4100DD83}.Release|Any CPU.Build.0 = Release|Any CPU
		{0E691555-8EB6-4713-99F3-35CD9DF019CE}.Debug|Any CPU.ActiveCfg = Debug|Any CPU
		{0E691555-8EB6-4713-99F3-35CD9DF019CE}.Debug|Any CPU.Build.0 = Debug|Any CPU
		{0E691555-8EB6-4713-99F3-35CD9DF019CE}.Release|Any CPU.ActiveCfg = Release|Any CPU
		{0E691555-8EB6-4713-99F3-35CD9DF019CE}.Release|Any CPU.Build.0 = Release|Any CPU
		{7A9C9004-7AE6-40F7-8BD0-0DA6369EA3A0}.Debug|Any CPU.ActiveCfg = Debug|Any CPU
		{7A9C9004-7AE6-40F7-8BD0-0DA6369EA3A0}.Debug|Any CPU.Build.0 = Debug|Any CPU
		{7A9C9004-7AE6-40F7-8BD0-0DA6369EA3A0}.Release|Any CPU.ActiveCfg = Release|Any CPU
		{7A9C9004-7AE6-40F7-8BD0-0DA6369EA3A0}.Release|Any CPU.Build.0 = Release|Any CPU
		{D7B5CAB3-404E-45EB-A1C2-E4B3691A243F}.Debug|Any CPU.ActiveCfg = Debug|Any CPU
		{D7B5CAB3-404E-45EB-A1C2-E4B3691A243F}.Debug|Any CPU.Build.0 = Debug|Any CPU
		{D7B5CAB3-404E-45EB-A1C2-E4B3691A243F}.Release|Any CPU.ActiveCfg = Release|Any CPU
		{D7B5CAB3-404E-45EB-A1C2-E4B3691A243F}.Release|Any CPU.Build.0 = Release|Any CPU
	EndGlobalSection
EndGlobal
